// !$*UTF8*$!
{
	archiveVersion = 1;
	classes = {
	};
	objectVersion = 50;
	objects = {

/* Begin PBXBuildFile section */
		062FA821264288600077BF39 /* main.swift in Sources */ = {isa = PBXBuildFile; fileRef = 062FA820264288600077BF39 /* main.swift */; };
		062FA8282642888C0077BF39 /* Shortcut.swift in Sources */ = {isa = PBXBuildFile; fileRef = 062FA8272642888C0077BF39 /* Shortcut.swift */; };
		062FA82A264288A90077BF39 /* Shortcuts.swift in Sources */ = {isa = PBXBuildFile; fileRef = 062FA829264288A90077BF39 /* Shortcuts.swift */; };
		062FA82C264288BD0077BF39 /* Gist.swift in Sources */ = {isa = PBXBuildFile; fileRef = 062FA82B264288BD0077BF39 /* Gist.swift */; };
		062FA82E264288CE0077BF39 /* File.swift in Sources */ = {isa = PBXBuildFile; fileRef = 062FA82D264288CE0077BF39 /* File.swift */; };
		062FA830264288DF0077BF39 /* Error.swift in Sources */ = {isa = PBXBuildFile; fileRef = 062FA82F264288DF0077BF39 /* Error.swift */; };
		062FA83326428A610077BF39 /* ShortcutView.swift in Sources */ = {isa = PBXBuildFile; fileRef = 062FA83226428A610077BF39 /* ShortcutView.swift */; };
/* End PBXBuildFile section */

/* Begin PBXCopyFilesBuildPhase section */
		062FA81B264288600077BF39 /* CopyFiles */ = {
			isa = PBXCopyFilesBuildPhase;
			buildActionMask = 2147483647;
			dstPath = /usr/share/man/man1/;
			dstSubfolderSpec = 0;
			files = (
			);
			runOnlyForDeploymentPostprocessing = 1;
		};
/* End PBXCopyFilesBuildPhase section */

/* Begin PBXFileReference section */
		062FA81D264288600077BF39 /* ShortcutBox */ = {isa = PBXFileReference; explicitFileType = "compiled.mach-o.executable"; includeInIndex = 0; path = ShortcutBox; sourceTree = BUILT_PRODUCTS_DIR; };
		062FA820264288600077BF39 /* main.swift */ = {isa = PBXFileReference; lastKnownFileType = sourcecode.swift; path = main.swift; sourceTree = "<group>"; };
		062FA8272642888C0077BF39 /* Shortcut.swift */ = {isa = PBXFileReference; lastKnownFileType = sourcecode.swift; path = Shortcut.swift; sourceTree = "<group>"; };
		062FA829264288A90077BF39 /* Shortcuts.swift */ = {isa = PBXFileReference; lastKnownFileType = sourcecode.swift; path = Shortcuts.swift; sourceTree = "<group>"; };
		062FA82B264288BD0077BF39 /* Gist.swift */ = {isa = PBXFileReference; lastKnownFileType = sourcecode.swift; path = Gist.swift; sourceTree = "<group>"; };
		062FA82D264288CE0077BF39 /* File.swift */ = {isa = PBXFileReference; lastKnownFileType = sourcecode.swift; path = File.swift; sourceTree = "<group>"; };
		062FA82F264288DF0077BF39 /* Error.swift */ = {isa = PBXFileReference; lastKnownFileType = sourcecode.swift; path = Error.swift; sourceTree = "<group>"; };
		062FA83226428A610077BF39 /* ShortcutView.swift */ = {isa = PBXFileReference; lastKnownFileType = sourcecode.swift; path = ShortcutView.swift; sourceTree = "<group>"; };
/* End PBXFileReference section */

/* Begin PBXFrameworksBuildPhase section */
		062FA81A264288600077BF39 /* Frameworks */ = {
			isa = PBXFrameworksBuildPhase;
			buildActionMask = 2147483647;
			files = (
			);
			runOnlyForDeploymentPostprocessing = 0;
		};
/* End PBXFrameworksBuildPhase section */

/* Begin PBXGroup section */
		062FA814264288600077BF39 = {
			isa = PBXGroup;
			children = (
				062FA81F264288600077BF39 /* ShortcutBox */,
				062FA81E264288600077BF39 /* Products */,
			);
			sourceTree = "<group>";
		};
		062FA81E264288600077BF39 /* Products */ = {
			isa = PBXGroup;
			children = (
				062FA81D264288600077BF39 /* ShortcutBox */,
			);
			name = Products;
			sourceTree = "<group>";
		};
		062FA81F264288600077BF39 /* ShortcutBox */ = {
			isa = PBXGroup;
			children = (
				062FA820264288600077BF39 /* main.swift */,
				062FA831264289010077BF39 /* Models */,
				062FA83226428A610077BF39 /* ShortcutView.swift */,
			);
			path = ShortcutBox;
			sourceTree = "<group>";
		};
		062FA831264289010077BF39 /* Models */ = {
			isa = PBXGroup;
			children = (
				062FA8272642888C0077BF39 /* Shortcut.swift */,
				062FA829264288A90077BF39 /* Shortcuts.swift */,
				062FA82B264288BD0077BF39 /* Gist.swift */,
				062FA82D264288CE0077BF39 /* File.swift */,
				062FA82F264288DF0077BF39 /* Error.swift */,
			);
			path = Models;
			sourceTree = "<group>";
		};
/* End PBXGroup section */

/* Begin PBXNativeTarget section */
		062FA81C264288600077BF39 /* ShortcutBox */ = {
			isa = PBXNativeTarget;
			buildConfigurationList = 062FA824264288600077BF39 /* Build configuration list for PBXNativeTarget "ShortcutBox" */;
			buildPhases = (
				062FA819264288600077BF39 /* Sources */,
				062FA81A264288600077BF39 /* Frameworks */,
				062FA81B264288600077BF39 /* CopyFiles */,
			);
			buildRules = (
			);
			dependencies = (
			);
			name = ShortcutBox;
			productName = ShortcutBox;
			productReference = 062FA81D264288600077BF39 /* ShortcutBox */;
			productType = "com.apple.product-type.tool";
		};
/* End PBXNativeTarget section */

/* Begin PBXProject section */
		062FA815264288600077BF39 /* Project object */ = {
			isa = PBXProject;
			attributes = {
				LastSwiftUpdateCheck = 1250;
				LastUpgradeCheck = 1250;
				TargetAttributes = {
					062FA81C264288600077BF39 = {
						CreatedOnToolsVersion = 12.5;
					};
				};
			};
			buildConfigurationList = 062FA818264288600077BF39 /* Build configuration list for PBXProject "ShortcutBox" */;
			compatibilityVersion = "Xcode 9.3";
			developmentRegion = en;
			hasScannedForEncodings = 0;
			knownRegions = (
				en,
				Base,
			);
			mainGroup = 062FA814264288600077BF39;
			productRefGroup = 062FA81E264288600077BF39 /* Products */;
			projectDirPath = "";
			projectRoot = "";
			targets = (
				062FA81C264288600077BF39 /* ShortcutBox */,
			);
		};
/* End PBXProject section */

/* Begin PBXSourcesBuildPhase section */
		062FA819264288600077BF39 /* Sources */ = {
			isa = PBXSourcesBuildPhase;
			buildActionMask = 2147483647;
			files = (
				062FA82E264288CE0077BF39 /* File.swift in Sources */,
				062FA82C264288BD0077BF39 /* Gist.swift in Sources */,
				062FA821264288600077BF39 /* main.swift in Sources */,
				062FA83326428A610077BF39 /* ShortcutView.swift in Sources */,
				062FA8282642888C0077BF39 /* Shortcut.swift in Sources */,
				062FA830264288DF0077BF39 /* Error.swift in Sources */,
				062FA82A264288A90077BF39 /* Shortcuts.swift in Sources */,
			);
			runOnlyForDeploymentPostprocessing = 0;
		};
/* End PBXSourcesBuildPhase section */

/* Begin XCBuildConfiguration section */
		062FA822264288600077BF39 /* Debug */ = {
			isa = XCBuildConfiguration;
			buildSettings = {
				ALWAYS_SEARCH_USER_PATHS = NO;
				CLANG_ANALYZER_NONNULL = YES;
				CLANG_ANALYZER_NUMBER_OBJECT_CONVERSION = YES_AGGRESSIVE;
				CLANG_CXX_LANGUAGE_STANDARD = "gnu++14";
				CLANG_CXX_LIBRARY = "libc++";
				CLANG_ENABLE_MODULES = YES;
				CLANG_ENABLE_OBJC_ARC = YES;
				CLANG_ENABLE_OBJC_WEAK = YES;
				CLANG_WARN_BLOCK_CAPTURE_AUTORELEASING = YES;
				CLANG_WARN_BOOL_CONVERSION = YES;
				CLANG_WARN_COMMA = YES;
				CLANG_WARN_CONSTANT_CONVERSION = YES;
				CLANG_WARN_DEPRECATED_OBJC_IMPLEMENTATIONS = YES;
				CLANG_WARN_DIRECT_OBJC_ISA_USAGE = YES_ERROR;
				CLANG_WARN_DOCUMENTATION_COMMENTS = YES;
				CLANG_WARN_EMPTY_BODY = YES;
				CLANG_WARN_ENUM_CONVERSION = YES;
				CLANG_WARN_INFINITE_RECURSION = YES;
				CLANG_WARN_INT_CONVERSION = YES;
				CLANG_WARN_NON_LITERAL_NULL_CONVERSION = YES;
				CLANG_WARN_OBJC_IMPLICIT_RETAIN_SELF = YES;
				CLANG_WARN_OBJC_LITERAL_CONVERSION = YES;
				CLANG_WARN_OBJC_ROOT_CLASS = YES_ERROR;
				CLANG_WARN_QUOTED_INCLUDE_IN_FRAMEWORK_HEADER = YES;
				CLANG_WARN_RANGE_LOOP_ANALYSIS = YES;
				CLANG_WARN_STRICT_PROTOTYPES = YES;
				CLANG_WARN_SUSPICIOUS_MOVE = YES;
				CLANG_WARN_UNGUARDED_AVAILABILITY = YES_AGGRESSIVE;
				CLANG_WARN_UNREACHABLE_CODE = YES;
				CLANG_WARN__DUPLICATE_METHOD_MATCH = YES;
				COPY_PHASE_STRIP = NO;
				DEBUG_INFORMATION_FORMAT = dwarf;
				ENABLE_STRICT_OBJC_MSGSEND = YES;
				ENABLE_TESTABILITY = YES;
				GCC_C_LANGUAGE_STANDARD = gnu11;
				GCC_DYNAMIC_NO_PIC = NO;
				GCC_NO_COMMON_BLOCKS = YES;
				GCC_OPTIMIZATION_LEVEL = 0;
				GCC_PREPROCESSOR_DEFINITIONS = (
					"DEBUG=1",
					"$(inherited)",
				);
				GCC_WARN_64_TO_32_BIT_CONVERSION = YES;
				GCC_WARN_ABOUT_RETURN_TYPE = YES_ERROR;
				GCC_WARN_UNDECLARED_SELECTOR = YES;
				GCC_WARN_UNINITIALIZED_AUTOS = YES_AGGRESSIVE;
				GCC_WARN_UNUSED_FUNCTION = YES;
				GCC_WARN_UNUSED_VARIABLE = YES;
				MACOSX_DEPLOYMENT_TARGET = 11.2;
				MTL_ENABLE_DEBUG_INFO = INCLUDE_SOURCE;
				MTL_FAST_MATH = YES;
				ONLY_ACTIVE_ARCH = YES;
				SDKROOT = macosx;
				SWIFT_ACTIVE_COMPILATION_CONDITIONS = DEBUG;
				SWIFT_OPTIMIZATION_LEVEL = "-Onone";
			};
			name = Debug;
		};
		062FA823264288600077BF39 /* Release */ = {
			isa = XCBuildConfiguration;
			buildSettings = {
				ALWAYS_SEARCH_USER_PATHS = NO;
				CLANG_ANALYZER_NONNULL = YES;
				CLANG_ANALYZER_NUMBER_OBJECT_CONVERSION = YES_AGGRESSIVE;
				CLANG_CXX_LANGUAGE_STANDARD = "gnu++14";
				CLANG_CXX_LIBRARY = "libc++";
				CLANG_ENABLE_MODULES = YES;
				CLANG_ENABLE_OBJC_ARC = YES;
				CLANG_ENABLE_OBJC_WEAK = YES;
				CLANG_WARN_BLOCK_CAPTURE_AUTORELEASING = YES;
				CLANG_WARN_BOOL_CONVERSION = YES;
				CLANG_WARN_COMMA = YES;
				CLANG_WARN_CONSTANT_CONVERSION = YES;
				CLANG_WARN_DEPRECATED_OBJC_IMPLEMENTATIONS = YES;
				CLANG_WARN_DIRECT_OBJC_ISA_USAGE = YES_ERROR;
				CLANG_WARN_DOCUMENTATION_COMMENTS = YES;
				CLANG_WARN_EMPTY_BODY = YES;
				CLANG_WARN_ENUM_CONVERSION = YES;
				CLANG_WARN_INFINITE_RECURSION = YES;
				CLANG_WARN_INT_CONVERSION = YES;
				CLANG_WARN_NON_LITERAL_NULL_CONVERSION = YES;
				CLANG_WARN_OBJC_IMPLICIT_RETAIN_SELF = YES;
				CLANG_WARN_OBJC_LITERAL_CONVERSION = YES;
				CLANG_WARN_OBJC_ROOT_CLASS = YES_ERROR;
				CLANG_WARN_QUOTED_INCLUDE_IN_FRAMEWORK_HEADER = YES;
				CLANG_WARN_RANGE_LOOP_ANALYSIS = YES;
				CLANG_WARN_STRICT_PROTOTYPES = YES;
				CLANG_WARN_SUSPICIOUS_MOVE = YES;
				CLANG_WARN_UNGUARDED_AVAILABILITY = YES_AGGRESSIVE;
				CLANG_WARN_UNREACHABLE_CODE = YES;
				CLANG_WARN__DUPLICATE_METHOD_MATCH = YES;
				COPY_PHASE_STRIP = NO;
				DEBUG_INFORMATION_FORMAT = "dwarf-with-dsym";
				ENABLE_NS_ASSERTIONS = NO;
				ENABLE_STRICT_OBJC_MSGSEND = YES;
				GCC_C_LANGUAGE_STANDARD = gnu11;
				GCC_NO_COMMON_BLOCKS = YES;
				GCC_WARN_64_TO_32_BIT_CONVERSION = YES;
				GCC_WARN_ABOUT_RETURN_TYPE = YES_ERROR;
				GCC_WARN_UNDECLARED_SELECTOR = YES;
				GCC_WARN_UNINITIALIZED_AUTOS = YES_AGGRESSIVE;
				GCC_WARN_UNUSED_FUNCTION = YES;
				GCC_WARN_UNUSED_VARIABLE = YES;
				MACOSX_DEPLOYMENT_TARGET = 11.2;
				MTL_ENABLE_DEBUG_INFO = NO;
				MTL_FAST_MATH = YES;
				SDKROOT = macosx;
				SWIFT_COMPILATION_MODE = wholemodule;
				SWIFT_OPTIMIZATION_LEVEL = "-O";
			};
			name = Release;
		};
		062FA825264288600077BF39 /* Debug */ = {
			isa = XCBuildConfiguration;
			buildSettings = {
				CODE_SIGN_STYLE = Automatic;
				DEVELOPMENT_TEAM = 79RZ866842;
				ENABLE_HARDENED_RUNTIME = YES;
				PRODUCT_NAME = "$(TARGET_NAME)";
				SWIFT_VERSION = 5.0;
			};
			name = Debug;
		};
		062FA826264288600077BF39 /* Release */ = {
			isa = XCBuildConfiguration;
			buildSettings = {
				CODE_SIGN_STYLE = Automatic;
				DEVELOPMENT_TEAM = 79RZ866842;
				ENABLE_HARDENED_RUNTIME = YES;
				PRODUCT_NAME = "$(TARGET_NAME)";
				SWIFT_VERSION = 5.0;
			};
			name = Release;
		};
/* End XCBuildConfiguration section */

/* Begin XCConfigurationList section */
		062FA818264288600077BF39 /* Build configuration list for PBXProject "ShortcutBox" */ = {
			isa = XCConfigurationList;
			buildConfigurations = (
				062FA822264288600077BF39 /* Debug */,
				062FA823264288600077BF39 /* Release */,
			);
			defaultConfigurationIsVisible = 0;
			defaultConfigurationName = Release;
		};
		062FA824264288600077BF39 /* Build configuration list for PBXNativeTarget "ShortcutBox" */ = {
			isa = XCConfigurationList;
			buildConfigurations = (
				062FA825264288600077BF39 /* Debug */,
				062FA826264288600077BF39 /* Release */,
			);
			defaultConfigurationIsVisible = 0;
			defaultConfigurationName = Release;
		};
/* End XCConfigurationList section */
	};
	rootObject = 062FA815264288600077BF39 /* Project object */;
}
